
Microsoft Visual Studio Solution File, Format Version 12.00
# Visual Studio Version 16
VisualStudioVersion = 16.0.30503.244
MinimumVisualStudioVersion = 10.0.40219.1
Project("{FAE04EC0-301F-11D3-BF4B-00C04F79EFBC}") = "exercises5", "exercises5\exercises5.csproj", "{BEFDE722-6045-4FC2-918B-75161221CDFD}"
EndProject
Global
	GlobalSection(SolutionConfigurationPlatforms) = preSolution
		Debug|Any CPU = Debug|Any CPU
		Release|Any CPU = Release|Any CPU
	EndGlobalSection
	GlobalSection(ProjectConfigurationPlatforms) = postSolution
		{BEFDE722-6045-4FC2-918B-75161221CDFD}.Debug|Any CPU.ActiveCfg = Debug|Any CPU
		{BEFDE722-6045-4FC2-918B-75161221CDFD}.Debug|Any CPU.Build.0 = Debug|Any CPU
		{BEFDE722-6045-4FC2-918B-75161221CDFD}.Release|Any CPU.ActiveCfg = Release|Any CPU
		{BEFDE722-6045-4FC2-918B-75161221CDFD}.Release|Any CPU.Build.0 = Release|Any CPU
	EndGlobalSection
	GlobalSection(SolutionProperties) = preSolution
		HideSolutionNode = FALSE
	EndGlobalSection
	GlobalSection(ExtensibilityGlobals) = postSolution
		SolutionGuid = {F84136A0-6656-4E6C-ADD5-BF8CE34E62BF}
	EndGlobalSection
EndGlobal
